Microsoft Visual Studio Solution File, Format Version 8.00
Project("{8BC9CEB8-8B4A-11D0-8D11-00A0C91BC942}") = "engine", "engine\engine.vc7.vcproj", "{F0044558-503E-4793-9BD2-CF6BFF7D7545}"
	ProjectSection(ProjectDependencies) = postProject
		{36C4BD18-A442-41BD-9B5B-2E7FD4983B91} = {36C4BD18-A442-41BD-9B5B-2E7FD4983B91}
	EndProjectSection
EndProject
Project("{8BC9CEB8-8B4A-11D0-8D11-00A0C91BC942}") = "Standard", "standard\Standard.vc7.vcproj", "{36C4BD18-A442-41BD-9B5B-2E7FD4983B91}"
	ProjectSection(ProjectDependencies) = postProject
	EndProjectSection
EndProject
Project("{8BC9CEB8-8B4A-11D0-8D11-00A0C91BC942}") = "editor", "editor\editor.vc7.vcproj", "{446BD556-A728-436D-839E-12FE4D54CDFA}"
	ProjectSection(ProjectDependencies) = postProject
		{36C4BD18-A442-41BD-9B5B-2E7FD4983B91} = {36C4BD18-A442-41BD-9B5B-2E7FD4983B91}
	EndProjectSection
EndProject
Project("{8BC9CEB8-8B4A-11D0-8D11-00A0C91BC942}") = "c4group", "group\c4group.vc7.vcproj", "{C2E2343A-C3D6-4D49-9336-7C1264D5C945}"
	ProjectSection(ProjectDependencies) = postProject
		{36C4BD18-A442-41BD-9B5B-2E7FD4983B91} = {36C4BD18-A442-41BD-9B5B-2E7FD4983B91}
	EndProjectSection
EndProject
Global
	GlobalSection(SolutionConfiguration) = preSolution
		c4group Debug = c4group Debug
		c4group Release = c4group Release
		Editor Debug = Editor Debug
		Editor Release = Editor Release
		Engine Console Debug = Engine Console Debug
		Engine Console Release = Engine Console Release
		Engine Debug = Engine Debug
		Engine NoNetwork Debug = Engine NoNetwork Debug
		Engine NoNetwork Release = Engine NoNetwork Release
		Engine Release = Engine Release
	EndGlobalSection
	GlobalSection(ProjectConfiguration) = postSolution
		{F0044558-503E-4793-9BD2-CF6BFF7D7545}.c4group Debug.ActiveCfg = Engine Debug|Win32
		{F0044558-503E-4793-9BD2-CF6BFF7D7545}.c4group Release.ActiveCfg = Engine Release|Win32
		{F0044558-503E-4793-9BD2-CF6BFF7D7545}.Editor Debug.ActiveCfg = Engine Release (Debug)|Win32
		{F0044558-503E-4793-9BD2-CF6BFF7D7545}.Editor Release.ActiveCfg = Engine Release (Debug)|Win32
		{F0044558-503E-4793-9BD2-CF6BFF7D7545}.Engine Console Debug.ActiveCfg = Engine Debug Console|Win32
		{F0044558-503E-4793-9BD2-CF6BFF7D7545}.Engine Console Debug.Build.0 = Engine Debug Console|Win32
		{F0044558-503E-4793-9BD2-CF6BFF7D7545}.Engine Console Release.ActiveCfg = Engine Release Console|Win32
		{F0044558-503E-4793-9BD2-CF6BFF7D7545}.Engine Console Release.Build.0 = Engine Release Console|Win32
		{F0044558-503E-4793-9BD2-CF6BFF7D7545}.Engine Debug.ActiveCfg = Engine Debug|Win32
		{F0044558-503E-4793-9BD2-CF6BFF7D7545}.Engine Debug.Build.0 = Engine Debug|Win32
		{F0044558-503E-4793-9BD2-CF6BFF7D7545}.Engine NoNetwork Debug.ActiveCfg = Engine NoNetwork Debug|Win32
		{F0044558-503E-4793-9BD2-CF6BFF7D7545}.Engine NoNetwork Debug.Build.0 = Engine NoNetwork Debug|Win32
		{F0044558-503E-4793-9BD2-CF6BFF7D7545}.Engine NoNetwork Release.ActiveCfg = Engine NoNetwork Release|Win32
		{F0044558-503E-4793-9BD2-CF6BFF7D7545}.Engine NoNetwork Release.Build.0 = Engine NoNetwork Release|Win32
		{F0044558-503E-4793-9BD2-CF6BFF7D7545}.Engine Release.ActiveCfg = Engine Release|Win32
		{F0044558-503E-4793-9BD2-CF6BFF7D7545}.Engine Release.Build.0 = Engine Release|Win32
		{36C4BD18-A442-41BD-9B5B-2E7FD4983B91}.c4group Debug.ActiveCfg = c4group Debug|Win32
		{36C4BD18-A442-41BD-9B5B-2E7FD4983B91}.c4group Debug.Build.0 = c4group Debug|Win32
		{36C4BD18-A442-41BD-9B5B-2E7FD4983B91}.c4group Release.ActiveCfg = c4group Release|Win32
		{36C4BD18-A442-41BD-9B5B-2E7FD4983B91}.c4group Release.Build.0 = c4group Release|Win32
		{36C4BD18-A442-41BD-9B5B-2E7FD4983B91}.Editor Debug.ActiveCfg = Editor Debug|Win32
		{36C4BD18-A442-41BD-9B5B-2E7FD4983B91}.Editor Debug.Build.0 = Editor Debug|Win32
		{36C4BD18-A442-41BD-9B5B-2E7FD4983B91}.Editor Release.ActiveCfg = Editor Release|Win32
		{36C4BD18-A442-41BD-9B5B-2E7FD4983B91}.Editor Release.Build.0 = Editor Release|Win32
		{36C4BD18-A442-41BD-9B5B-2E7FD4983B91}.Engine Console Debug.ActiveCfg = Engine Debug Console|Win32
		{36C4BD18-A442-41BD-9B5B-2E7FD4983B91}.Engine Console Debug.Build.0 = Engine Debug Console|Win32
		{36C4BD18-A442-41BD-9B5B-2E7FD4983B91}.Engine Console Release.ActiveCfg = Engine Release Console|Win32
		{36C4BD18-A442-41BD-9B5B-2E7FD4983B91}.Engine Console Release.Build.0 = Engine Release Console|Win32
		{36C4BD18-A442-41BD-9B5B-2E7FD4983B91}.Engine Debug.ActiveCfg = Engine Debug|Win32
		{36C4BD18-A442-41BD-9B5B-2E7FD4983B91}.Engine Debug.Build.0 = Engine Debug|Win32
		{36C4BD18-A442-41BD-9B5B-2E7FD4983B91}.Engine NoNetwork Debug.ActiveCfg = Engine NoNetwork Debug|Win32
		{36C4BD18-A442-41BD-9B5B-2E7FD4983B91}.Engine NoNetwork Debug.Build.0 = Engine NoNetwork Debug|Win32
		{36C4BD18-A442-41BD-9B5B-2E7FD4983B91}.Engine NoNetwork Release.ActiveCfg = Engine NoNetwork Release|Win32
		{36C4BD18-A442-41BD-9B5B-2E7FD4983B91}.Engine NoNetwork Release.Build.0 = Engine NoNetwork Release|Win32
		{36C4BD18-A442-41BD-9B5B-2E7FD4983B91}.Engine Release.ActiveCfg = Engine Release|Win32
		{36C4BD18-A442-41BD-9B5B-2E7FD4983B91}.Engine Release.Build.0 = Engine Release|Win32
		{446BD556-A728-436D-839E-12FE4D54CDFA}.c4group Debug.ActiveCfg = Editor Release (Debug)|Win32
		{446BD556-A728-436D-839E-12FE4D54CDFA}.c4group Release.ActiveCfg = Editor Release|Win32
		{446BD556-A728-436D-839E-12FE4D54CDFA}.Editor Debug.ActiveCfg = Editor Debug|Win32
		{446BD556-A728-436D-839E-12FE4D54CDFA}.Editor Debug.Build.0 = Editor Debug|Win32
		{446BD556-A728-436D-839E-12FE4D54CDFA}.Editor Release.ActiveCfg = Editor Release|Win32
		{446BD556-A728-436D-839E-12FE4D54CDFA}.Editor Release.Build.0 = Editor Release|Win32
		{446BD556-A728-436D-839E-12FE4D54CDFA}.Engine Console Debug.ActiveCfg = Editor Release|Win32
		{446BD556-A728-436D-839E-12FE4D54CDFA}.Engine Console Release.ActiveCfg = Editor Release|Win32
		{446BD556-A728-436D-839E-12FE4D54CDFA}.Engine Debug.ActiveCfg = Editor Release (Debug)|Win32
		{446BD556-A728-436D-839E-12FE4D54CDFA}.Engine NoNetwork Debug.ActiveCfg = Engine NoNetwork Debug|Win32
		{446BD556-A728-436D-839E-12FE4D54CDFA}.Engine NoNetwork Release.ActiveCfg = Engine NoNetwork Release|Win32
		{446BD556-A728-436D-839E-12FE4D54CDFA}.Engine Release.ActiveCfg = Editor Release|Win32
		{C2E2343A-C3D6-4D49-9336-7C1264D5C945}.c4group Debug.ActiveCfg = c4group Debug|Win32
		{C2E2343A-C3D6-4D49-9336-7C1264D5C945}.c4group Debug.Build.0 = c4group Debug|Win32
		{C2E2343A-C3D6-4D49-9336-7C1264D5C945}.c4group Release.ActiveCfg = c4group Release|Win32
		{C2E2343A-C3D6-4D49-9336-7C1264D5C945}.c4group Release.Build.0 = c4group Release|Win32
		{C2E2343A-C3D6-4D49-9336-7C1264D5C945}.Editor Debug.ActiveCfg = c4group Release|Win32
		{C2E2343A-C3D6-4D49-9336-7C1264D5C945}.Editor Release.ActiveCfg = c4group Debug|Win32
		{C2E2343A-C3D6-4D49-9336-7C1264D5C945}.Engine Console Debug.ActiveCfg = c4group Release|Win32
		{C2E2343A-C3D6-4D49-9336-7C1264D5C945}.Engine Console Release.ActiveCfg = c4group Release|Win32
		{C2E2343A-C3D6-4D49-9336-7C1264D5C945}.Engine Debug.ActiveCfg = c4group Debug|Win32
		{C2E2343A-C3D6-4D49-9336-7C1264D5C945}.Engine NoNetwork Debug.ActiveCfg = Engine NoNetwork Debug|Win32
		{C2E2343A-C3D6-4D49-9336-7C1264D5C945}.Engine NoNetwork Release.ActiveCfg = Engine NoNetwork Release|Win32
		{C2E2343A-C3D6-4D49-9336-7C1264D5C945}.Engine Release.ActiveCfg = c4group Release|Win32
	EndGlobalSection
	GlobalSection(ExtensibilityGlobals) = postSolution
	EndGlobalSection
	GlobalSection(ExtensibilityAddIns) = postSolution
	EndGlobalSection
EndGlobal
